Microsoft Visual Studio Solution File, Format Version 12.00
# Visual Studio Version 17
VisualStudioVersion = 17.5.2.0
MinimumVisualStudioVersion = 10.0.40219.1
Project("{2150E333-8FDC-42A3-9474-1A3956D46DE8}") = "2DVirtualEnvironment", "2DVirtualEnvironment", "{6E410158-E198-EABF-0DAD-3CF70085E6A3}"
EndProject
Project("{FAE04EC0-301F-11D3-BF4B-00C04F79EFBC}") = "Assembly-CSharp", "2DVirtualEnvironment\Assembly-CSharp.csproj", "{18B4DD0B-775B-D9D0-2752-AECDB6ACE2A9}"
EndProject
Global
	GlobalSection(SolutionConfigurationPlatforms) = preSolution
		Debug|Any CPU = Debug|Any CPU
		Release|Any CPU = Release|Any CPU
	EndGlobalSection
	GlobalSection(ProjectConfigurationPlatforms) = postSolution
		{18B4DD0B-775B-D9D0-2752-AECDB6ACE2A9}.Debug|Any CPU.ActiveCfg = Debug|Any CPU
		{18B4DD0B-775B-D9D0-2752-AECDB6ACE2A9}.Debug|Any CPU.Build.0 = Debug|Any CPU
		{18B4DD0B-775B-D9D0-2752-AECDB6ACE2A9}.Release|Any CPU.ActiveCfg = Release|Any CPU
		{18B4DD0B-775B-D9D0-2752-AECDB6ACE2A9}.Release|Any CPU.Build.0 = Release|Any CPU
	EndGlobalSection
	GlobalSection(SolutionProperties) = preSolution
		HideSolutionNode = FALSE
	EndGlobalSection
	GlobalSection(NestedProjects) = preSolution
		{18B4DD0B-775B-D9D0-2752-AECDB6ACE2A9} = {6E410158-E198-EABF-0DAD-3CF70085E6A3}
	EndGlobalSection
	GlobalSection(ExtensibilityGlobals) = postSolution
		SolutionGuid = {07082C6F-BE0B-4B5D-8891-C07F5CED0802}
	EndGlobalSection
EndGlobal
